// !$*UTF8*$!
{
	archiveVersion = 1;
	classes = {
	};
	objectVersion = 50;
	objects = {

/* Begin PBXBuildFile section */
		B252495124972514004E3DDD /* Assets.xcassets in Resources */ = {isa = PBXBuildFile; fileRef = B252495024972514004E3DDD /* Assets.xcassets */; };
		B252495424972514004E3DDD /* LaunchScreen.storyboard in Resources */ = {isa = PBXBuildFile; fileRef = B252495224972514004E3DDD /* LaunchScreen.storyboard */; };
		B252495E2497256F004E3DDD /* ViewController.swift in Sources */ = {isa = PBXBuildFile; fileRef = B252495D2497256F004E3DDD /* ViewController.swift */; };
		B252496024972576004E3DDD /* Main.storyboard in Resources */ = {isa = PBXBuildFile; fileRef = B252495F24972576004E3DDD /* Main.storyboard */; };
		B252496424972609004E3DDD /* AppDelegate.swift in Sources */ = {isa = PBXBuildFile; fileRef = B252496324972609004E3DDD /* AppDelegate.swift */; };
		B25D29F524A8D94A00847C2B /* AvatarView.swift in Sources */ = {isa = PBXBuildFile; fileRef = B25D29F424A8D94A00847C2B /* AvatarView.swift */; };
		B25D29F724A8F47200847C2B /* LikeControl.swift in Sources */ = {isa = PBXBuildFile; fileRef = B25D29F624A8F47200847C2B /* LikeControl.swift */; };
		B2B9EFD424A32CA30013305F /* FriendsTableViewController.swift in Sources */ = {isa = PBXBuildFile; fileRef = B2B9EFD324A32CA30013305F /* FriendsTableViewController.swift */; };
		B2B9EFD724A32D990013305F /* FriendsTableViewCell.swift in Sources */ = {isa = PBXBuildFile; fileRef = B2B9EFD624A32D990013305F /* FriendsTableViewCell.swift */; };
		B2B9EFD924A330350013305F /* User.swift in Sources */ = {isa = PBXBuildFile; fileRef = B2B9EFD824A330350013305F /* User.swift */; };
		B2B9EFDB24A361180013305F /* Group.swift in Sources */ = {isa = PBXBuildFile; fileRef = B2B9EFDA24A361180013305F /* Group.swift */; };
		B2B9EFDD24A367310013305F /* GroupsTableViewController.swift in Sources */ = {isa = PBXBuildFile; fileRef = B2B9EFDC24A367310013305F /* GroupsTableViewController.swift */; };
		B2B9EFDF24A367460013305F /* GroupsTableViewCell.swift in Sources */ = {isa = PBXBuildFile; fileRef = B2B9EFDE24A367460013305F /* GroupsTableViewCell.swift */; };
		B2B9EFE124A3735B0013305F /* GlobalGroupsTableViewCell.swift in Sources */ = {isa = PBXBuildFile; fileRef = B2B9EFE024A3735B0013305F /* GlobalGroupsTableViewCell.swift */; };
		B2B9EFE324A373740013305F /* GlobalGroupsTableViewController.swift in Sources */ = {isa = PBXBuildFile; fileRef = B2B9EFE224A373740013305F /* GlobalGroupsTableViewController.swift */; };
		B2B9EFE524A3757C0013305F /* PhotoCollectionViewController.swift in Sources */ = {isa = PBXBuildFile; fileRef = B2B9EFE424A3757C0013305F /* PhotoCollectionViewController.swift */; };
		B2B9EFE724A375920013305F /* PhotoCollectionViewCell.swift in Sources */ = {isa = PBXBuildFile; fileRef = B2B9EFE624A375920013305F /* PhotoCollectionViewCell.swift */; };
/* End PBXBuildFile section */

/* Begin PBXFileReference section */
		B252494424972513004E3DDD /* VK_app.app */ = {isa = PBXFileReference; explicitFileType = wrapper.application; includeInIndex = 0; path = VK_app.app; sourceTree = BUILT_PRODUCTS_DIR; };
		B252495024972514004E3DDD /* Assets.xcassets */ = {isa = PBXFileReference; lastKnownFileType = folder.assetcatalog; path = Assets.xcassets; sourceTree = "<group>"; };
		B252495324972514004E3DDD /* Base */ = {isa = PBXFileReference; lastKnownFileType = file.storyboard; name = Base; path = Base.lproj/LaunchScreen.storyboard; sourceTree = "<group>"; };
		B252495524972514004E3DDD /* Info.plist */ = {isa = PBXFileReference; lastKnownFileType = text.plist.xml; path = Info.plist; sourceTree = "<group>"; };
		B252495D2497256F004E3DDD /* ViewController.swift */ = {isa = PBXFileReference; fileEncoding = 4; lastKnownFileType = sourcecode.swift; path = ViewController.swift; sourceTree = "<group>"; };
		B252495F24972576004E3DDD /* Main.storyboard */ = {isa = PBXFileReference; fileEncoding = 4; lastKnownFileType = file.storyboard; path = Main.storyboard; sourceTree = "<group>"; };
		B252496324972609004E3DDD /* AppDelegate.swift */ = {isa = PBXFileReference; fileEncoding = 4; lastKnownFileType = sourcecode.swift; path = AppDelegate.swift; sourceTree = "<group>"; };
		B25D29F424A8D94A00847C2B /* AvatarView.swift */ = {isa = PBXFileReference; lastKnownFileType = sourcecode.swift; path = AvatarView.swift; sourceTree = "<group>"; };
		B25D29F624A8F47200847C2B /* LikeControl.swift */ = {isa = PBXFileReference; lastKnownFileType = sourcecode.swift; path = LikeControl.swift; sourceTree = "<group>"; };
		B2B9EFD324A32CA30013305F /* FriendsTableViewController.swift */ = {isa = PBXFileReference; lastKnownFileType = sourcecode.swift; path = FriendsTableViewController.swift; sourceTree = "<group>"; };
		B2B9EFD624A32D990013305F /* FriendsTableViewCell.swift */ = {isa = PBXFileReference; lastKnownFileType = sourcecode.swift; path = FriendsTableViewCell.swift; sourceTree = "<group>"; };
		B2B9EFD824A330350013305F /* User.swift */ = {isa = PBXFileReference; lastKnownFileType = sourcecode.swift; path = User.swift; sourceTree = "<group>"; };
		B2B9EFDA24A361180013305F /* Group.swift */ = {isa = PBXFileReference; lastKnownFileType = sourcecode.swift; path = Group.swift; sourceTree = "<group>"; };
		B2B9EFDC24A367310013305F /* GroupsTableViewController.swift */ = {isa = PBXFileReference; lastKnownFileType = sourcecode.swift; path = GroupsTableViewController.swift; sourceTree = "<group>"; };
		B2B9EFDE24A367460013305F /* GroupsTableViewCell.swift */ = {isa = PBXFileReference; lastKnownFileType = sourcecode.swift; path = GroupsTableViewCell.swift; sourceTree = "<group>"; };
		B2B9EFE024A3735B0013305F /* GlobalGroupsTableViewCell.swift */ = {isa = PBXFileReference; lastKnownFileType = sourcecode.swift; path = GlobalGroupsTableViewCell.swift; sourceTree = "<group>"; };
		B2B9EFE224A373740013305F /* GlobalGroupsTableViewController.swift */ = {isa = PBXFileReference; lastKnownFileType = sourcecode.swift; path = GlobalGroupsTableViewController.swift; sourceTree = "<group>"; };
		B2B9EFE424A3757C0013305F /* PhotoCollectionViewController.swift */ = {isa = PBXFileReference; lastKnownFileType = sourcecode.swift; path = PhotoCollectionViewController.swift; sourceTree = "<group>"; };
		B2B9EFE624A375920013305F /* PhotoCollectionViewCell.swift */ = {isa = PBXFileReference; lastKnownFileType = sourcecode.swift; path = PhotoCollectionViewCell.swift; sourceTree = "<group>"; };
/* End PBXFileReference section */

/* Begin PBXFrameworksBuildPhase section */
		B252494124972513004E3DDD /* Frameworks */ = {
			isa = PBXFrameworksBuildPhase;
			buildActionMask = 2147483647;
			files = (
			);
			runOnlyForDeploymentPostprocessing = 0;
		};
/* End PBXFrameworksBuildPhase section */

/* Begin PBXGroup section */
		B252493B24972513004E3DDD = {
			isa = PBXGroup;
			children = (
				B252494624972513004E3DDD /* VK_app */,
				B252494524972513004E3DDD /* Products */,
			);
			sourceTree = "<group>";
		};
		B252494524972513004E3DDD /* Products */ = {
			isa = PBXGroup;
			children = (
				B252494424972513004E3DDD /* VK_app.app */,
			);
			name = Products;
			sourceTree = "<group>";
		};
		B252494624972513004E3DDD /* VK_app */ = {
			isa = PBXGroup;
			children = (
				B252496324972609004E3DDD /* AppDelegate.swift */,
				B2B9EFD524A32CE20013305F /* Model */,
				B252495D2497256F004E3DDD /* ViewController.swift */,
				B252495F24972576004E3DDD /* Main.storyboard */,
				B252495024972514004E3DDD /* Assets.xcassets */,
				B252495224972514004E3DDD /* LaunchScreen.storyboard */,
				B252495524972514004E3DDD /* Info.plist */,
				B2F8E7E724ACBB5E0071C75D /* Views */,
			);
			path = VK_app;
			sourceTree = "<group>";
		};
		B2B9EFD524A32CE20013305F /* Model */ = {
			isa = PBXGroup;
			children = (
				B2B9EFD824A330350013305F /* User.swift */,
				B2B9EFDA24A361180013305F /* Group.swift */,
			);
			path = Model;
			sourceTree = "<group>";
		};
		B2BCE51824B240E400C114F1 /* News */ = {
			isa = PBXGroup;
			children = (
			);
			path = News;
			sourceTree = "<group>";
		};
		B2F8E7E724ACBB5E0071C75D /* Views */ = {
			isa = PBXGroup;
			children = (
				B25D29F424A8D94A00847C2B /* AvatarView.swift */,
				B25D29F624A8F47200847C2B /* LikeControl.swift */,
				B2BCE51824B240E400C114F1 /* News */,
				B2F8E7EA24ACBBA50071C75D /* Groups */,
				B2F8E7E924ACBB900071C75D /* Photo */,
				B2F8E7E824ACBB760071C75D /* Friends */,
			);
			path = Views;
			sourceTree = "<group>";
		};
		B2F8E7E824ACBB760071C75D /* Friends */ = {
			isa = PBXGroup;
			children = (
				B2B9EFD324A32CA30013305F /* FriendsTableViewController.swift */,
				B2B9EFD624A32D990013305F /* FriendsTableViewCell.swift */,
			);
			path = Friends;
			sourceTree = "<group>";
		};
		B2F8E7E924ACBB900071C75D /* Photo */ = {
			isa = PBXGroup;
			children = (
				B2B9EFE424A3757C0013305F /* PhotoCollectionViewController.swift */,
				B2B9EFE624A375920013305F /* PhotoCollectionViewCell.swift */,
			);
			path = Photo;
			sourceTree = "<group>";
		};
		B2F8E7EA24ACBBA50071C75D /* Groups */ = {
			isa = PBXGroup;
			children = (
				B2F8E7EC24ACBBCB0071C75D /* GlobalGroups */,
				B2F8E7EB24ACBBBA0071C75D /* MyGroups */,
			);
			path = Groups;
			sourceTree = "<group>";
		};
		B2F8E7EB24ACBBBA0071C75D /* MyGroups */ = {
			isa = PBXGroup;
			children = (
				B2B9EFDC24A367310013305F /* GroupsTableViewController.swift */,
				B2B9EFDE24A367460013305F /* GroupsTableViewCell.swift */,
			);
			path = MyGroups;
			sourceTree = "<group>";
		};
		B2F8E7EC24ACBBCB0071C75D /* GlobalGroups */ = {
			isa = PBXGroup;
			children = (
				B2B9EFE224A373740013305F /* GlobalGroupsTableViewController.swift */,
				B2B9EFE024A3735B0013305F /* GlobalGroupsTableViewCell.swift */,
			);
			path = GlobalGroups;
			sourceTree = "<group>";
		};
/* End PBXGroup section */

/* Begin PBXNativeTarget section */
		B252494324972513004E3DDD /* VK_app */ = {
			isa = PBXNativeTarget;
			buildConfigurationList = B252495824972514004E3DDD /* Build configuration list for PBXNativeTarget "VK_app" */;
			buildPhases = (
				B252494024972513004E3DDD /* Sources */,
				B252494124972513004E3DDD /* Frameworks */,
				B252494224972513004E3DDD /* Resources */,
			);
			buildRules = (
			);
			dependencies = (
			);
			name = VK_app;
			productName = VK_app;
			productReference = B252494424972513004E3DDD /* VK_app.app */;
			productType = "com.apple.product-type.application";
		};
/* End PBXNativeTarget section */

/* Begin PBXProject section */
		B252493C24972513004E3DDD /* Project object */ = {
			isa = PBXProject;
			attributes = {
				LastSwiftUpdateCheck = 1140;
				LastUpgradeCheck = 1140;
				ORGANIZATIONNAME = "Алексей Муренцев";
				TargetAttributes = {
					B252494324972513004E3DDD = {
						CreatedOnToolsVersion = 11.4.1;
						LastSwiftMigration = 1140;
					};
				};
			};
			buildConfigurationList = B252493F24972513004E3DDD /* Build configuration list for PBXProject "VK_app" */;
			compatibilityVersion = "Xcode 9.3";
			developmentRegion = en;
			hasScannedForEncodings = 0;
			knownRegions = (
				en,
				Base,
			);
			mainGroup = B252493B24972513004E3DDD;
			productRefGroup = B252494524972513004E3DDD /* Products */;
			projectDirPath = "";
			projectRoot = "";
			targets = (
				B252494324972513004E3DDD /* VK_app */,
			);
		};
/* End PBXProject section */

/* Begin PBXResourcesBuildPhase section */
		B252494224972513004E3DDD /* Resources */ = {
			isa = PBXResourcesBuildPhase;
			buildActionMask = 2147483647;
			files = (
				B252496024972576004E3DDD /* Main.storyboard in Resources */,
				B252495424972514004E3DDD /* LaunchScreen.storyboard in Resources */,
				B252495124972514004E3DDD /* Assets.xcassets in Resources */,
			);
			runOnlyForDeploymentPostprocessing = 0;
		};
/* End PBXResourcesBuildPhase section */

/* Begin PBXSourcesBuildPhase section */
		B252494024972513004E3DDD /* Sources */ = {
			isa = PBXSourcesBuildPhase;
			buildActionMask = 2147483647;
			files = (
				B252496424972609004E3DDD /* AppDelegate.swift in Sources */,
				B252495E2497256F004E3DDD /* ViewController.swift in Sources */,
				B25D29F724A8F47200847C2B /* LikeControl.swift in Sources */,
				B2B9EFD424A32CA30013305F /* FriendsTableViewController.swift in Sources */,
				B2B9EFDB24A361180013305F /* Group.swift in Sources */,
				B25D29F524A8D94A00847C2B /* AvatarView.swift in Sources */,
				B2B9EFDD24A367310013305F /* GroupsTableViewController.swift in Sources */,
				B2B9EFE724A375920013305F /* PhotoCollectionViewCell.swift in Sources */,
				B2B9EFD924A330350013305F /* User.swift in Sources */,
				B2B9EFE124A3735B0013305F /* GlobalGroupsTableViewCell.swift in Sources */,
				B2B9EFD724A32D990013305F /* FriendsTableViewCell.swift in Sources */,
				B2B9EFE524A3757C0013305F /* PhotoCollectionViewController.swift in Sources */,
				B2B9EFE324A373740013305F /* GlobalGroupsTableViewController.swift in Sources */,
				B2B9EFDF24A367460013305F /* GroupsTableViewCell.swift in Sources */,
			);
			runOnlyForDeploymentPostprocessing = 0;
		};
/* End PBXSourcesBuildPhase section */

/* Begin PBXVariantGroup section */
		B252495224972514004E3DDD /* LaunchScreen.storyboard */ = {
			isa = PBXVariantGroup;
			children = (
				B252495324972514004E3DDD /* Base */,
			);
			name = LaunchScreen.storyboard;
			sourceTree = "<group>";
		};
/* End PBXVariantGroup section */

/* Begin XCBuildConfiguration section */
		B252495624972514004E3DDD /* Debug */ = {
			isa = XCBuildConfiguration;
			buildSettings = {
				ALWAYS_SEARCH_USER_PATHS = NO;
				CLANG_ANALYZER_NONNULL = YES;
				CLANG_ANALYZER_NUMBER_OBJECT_CONVERSION = YES_AGGRESSIVE;
				CLANG_CXX_LANGUAGE_STANDARD = "gnu++14";
				CLANG_CXX_LIBRARY = "libc++";
				CLANG_ENABLE_MODULES = YES;
				CLANG_ENABLE_OBJC_ARC = YES;
				CLANG_ENABLE_OBJC_WEAK = YES;
				CLANG_WARN_BLOCK_CAPTURE_AUTORELEASING = YES;
				CLANG_WARN_BOOL_CONVERSION = YES;
				CLANG_WARN_COMMA = YES;
				CLANG_WARN_CONSTANT_CONVERSION = YES;
				CLANG_WARN_DEPRECATED_OBJC_IMPLEMENTATIONS = YES;
				CLANG_WARN_DIRECT_OBJC_ISA_USAGE = YES_ERROR;
				CLANG_WARN_DOCUMENTATION_COMMENTS = YES;
				CLANG_WARN_EMPTY_BODY = YES;
				CLANG_WARN_ENUM_CONVERSION = YES;
				CLANG_WARN_INFINITE_RECURSION = YES;
				CLANG_WARN_INT_CONVERSION = YES;
				CLANG_WARN_NON_LITERAL_NULL_CONVERSION = YES;
				CLANG_WARN_OBJC_IMPLICIT_RETAIN_SELF = YES;
				CLANG_WARN_OBJC_LITERAL_CONVERSION = YES;
				CLANG_WARN_OBJC_ROOT_CLASS = YES_ERROR;
				CLANG_WARN_RANGE_LOOP_ANALYSIS = YES;
				CLANG_WARN_STRICT_PROTOTYPES = YES;
				CLANG_WARN_SUSPICIOUS_MOVE = YES;
				CLANG_WARN_UNGUARDED_AVAILABILITY = YES_AGGRESSIVE;
				CLANG_WARN_UNREACHABLE_CODE = YES;
				CLANG_WARN__DUPLICATE_METHOD_MATCH = YES;
				COPY_PHASE_STRIP = NO;
				DEBUG_INFORMATION_FORMAT = dwarf;
				ENABLE_STRICT_OBJC_MSGSEND = YES;
				ENABLE_TESTABILITY = YES;
				GCC_C_LANGUAGE_STANDARD = gnu11;
				GCC_DYNAMIC_NO_PIC = NO;
				GCC_NO_COMMON_BLOCKS = YES;
				GCC_OPTIMIZATION_LEVEL = 0;
				GCC_PREPROCESSOR_DEFINITIONS = (
					"DEBUG=1",
					"$(inherited)",
				);
				GCC_WARN_64_TO_32_BIT_CONVERSION = YES;
				GCC_WARN_ABOUT_RETURN_TYPE = YES_ERROR;
				GCC_WARN_UNDECLARED_SELECTOR = YES;
				GCC_WARN_UNINITIALIZED_AUTOS = YES_AGGRESSIVE;
				GCC_WARN_UNUSED_FUNCTION = YES;
				GCC_WARN_UNUSED_VARIABLE = YES;
				IPHONEOS_DEPLOYMENT_TARGET = 13.4;
				MTL_ENABLE_DEBUG_INFO = INCLUDE_SOURCE;
				MTL_FAST_MATH = YES;
				ONLY_ACTIVE_ARCH = YES;
				SDKROOT = iphoneos;
				SWIFT_ACTIVE_COMPILATION_CONDITIONS = DEBUG;
				SWIFT_OPTIMIZATION_LEVEL = "-Onone";
			};
			name = Debug;
		};
		B252495724972514004E3DDD /* Release */ = {
			isa = XCBuildConfiguration;
			buildSettings = {
				ALWAYS_SEARCH_USER_PATHS = NO;
				CLANG_ANALYZER_NONNULL = YES;
				CLANG_ANALYZER_NUMBER_OBJECT_CONVERSION = YES_AGGRESSIVE;
				CLANG_CXX_LANGUAGE_STANDARD = "gnu++14";
				CLANG_CXX_LIBRARY = "libc++";
				CLANG_ENABLE_MODULES = YES;
				CLANG_ENABLE_OBJC_ARC = YES;
				CLANG_ENABLE_OBJC_WEAK = YES;
				CLANG_WARN_BLOCK_CAPTURE_AUTORELEASING = YES;
				CLANG_WARN_BOOL_CONVERSION = YES;
				CLANG_WARN_COMMA = YES;
				CLANG_WARN_CONSTANT_CONVERSION = YES;
				CLANG_WARN_DEPRECATED_OBJC_IMPLEMENTATIONS = YES;
				CLANG_WARN_DIRECT_OBJC_ISA_USAGE = YES_ERROR;
				CLANG_WARN_DOCUMENTATION_COMMENTS = YES;
				CLANG_WARN_EMPTY_BODY = YES;
				CLANG_WARN_ENUM_CONVERSION = YES;
				CLANG_WARN_INFINITE_RECURSION = YES;
				CLANG_WARN_INT_CONVERSION = YES;
				CLANG_WARN_NON_LITERAL_NULL_CONVERSION = YES;
				CLANG_WARN_OBJC_IMPLICIT_RETAIN_SELF = YES;
				CLANG_WARN_OBJC_LITERAL_CONVERSION = YES;
				CLANG_WARN_OBJC_ROOT_CLASS = YES_ERROR;
				CLANG_WARN_RANGE_LOOP_ANALYSIS = YES;
				CLANG_WARN_STRICT_PROTOTYPES = YES;
				CLANG_WARN_SUSPICIOUS_MOVE = YES;
				CLANG_WARN_UNGUARDED_AVAILABILITY = YES_AGGRESSIVE;
				CLANG_WARN_UNREACHABLE_CODE = YES;
				CLANG_WARN__DUPLICATE_METHOD_MATCH = YES;
				COPY_PHASE_STRIP = NO;
				DEBUG_INFORMATION_FORMAT = "dwarf-with-dsym";
				ENABLE_NS_ASSERTIONS = NO;
				ENABLE_STRICT_OBJC_MSGSEND = YES;
				GCC_C_LANGUAGE_STANDARD = gnu11;
				GCC_NO_COMMON_BLOCKS = YES;
				GCC_WARN_64_TO_32_BIT_CONVERSION = YES;
				GCC_WARN_ABOUT_RETURN_TYPE = YES_ERROR;
				GCC_WARN_UNDECLARED_SELECTOR = YES;
				GCC_WARN_UNINITIALIZED_AUTOS = YES_AGGRESSIVE;
				GCC_WARN_UNUSED_FUNCTION = YES;
				GCC_WARN_UNUSED_VARIABLE = YES;
				IPHONEOS_DEPLOYMENT_TARGET = 13.4;
				MTL_ENABLE_DEBUG_INFO = NO;
				MTL_FAST_MATH = YES;
				SDKROOT = iphoneos;
				SWIFT_COMPILATION_MODE = wholemodule;
				SWIFT_OPTIMIZATION_LEVEL = "-O";
				VALIDATE_PRODUCT = YES;
			};
			name = Release;
		};
		B252495924972514004E3DDD /* Debug */ = {
			isa = XCBuildConfiguration;
			buildSettings = {
				ASSETCATALOG_COMPILER_APPICON_NAME = AppIcon;
				CLANG_ENABLE_MODULES = YES;
				CODE_SIGN_STYLE = Automatic;
				DEVELOPMENT_TEAM = 2TB39WXCCG;
				INFOPLIST_FILE = VK_app/Info.plist;
				LD_RUNPATH_SEARCH_PATHS = (
					"$(inherited)",
					"@executable_path/Frameworks",
				);
				PRODUCT_BUNDLE_IDENTIFIER = "com.murentcev.VK-app";
				PRODUCT_NAME = "$(TARGET_NAME)";
				SWIFT_OPTIMIZATION_LEVEL = "-Onone";
				SWIFT_VERSION = 5.0;
				TARGETED_DEVICE_FAMILY = "1,2";
			};
			name = Debug;
		};
		B252495A24972514004E3DDD /* Release */ = {
			isa = XCBuildConfiguration;
			buildSettings = {
				ASSETCATALOG_COMPILER_APPICON_NAME = AppIcon;
				CLANG_ENABLE_MODULES = YES;
				CODE_SIGN_STYLE = Automatic;
				DEVELOPMENT_TEAM = 2TB39WXCCG;
				INFOPLIST_FILE = VK_app/Info.plist;
				LD_RUNPATH_SEARCH_PATHS = (
					"$(inherited)",
					"@executable_path/Frameworks",
				);
				PRODUCT_BUNDLE_IDENTIFIER = "com.murentcev.VK-app";
				PRODUCT_NAME = "$(TARGET_NAME)";
				SWIFT_VERSION = 5.0;
				TARGETED_DEVICE_FAMILY = "1,2";
			};
			name = Release;
		};
/* End XCBuildConfiguration section */

/* Begin XCConfigurationList section */
		B252493F24972513004E3DDD /* Build configuration list for PBXProject "VK_app" */ = {
			isa = XCConfigurationList;
			buildConfigurations = (
				B252495624972514004E3DDD /* Debug */,
				B252495724972514004E3DDD /* Release */,
			);
			defaultConfigurationIsVisible = 0;
			defaultConfigurationName = Release;
		};
		B252495824972514004E3DDD /* Build configuration list for PBXNativeTarget "VK_app" */ = {
			isa = XCConfigurationList;
			buildConfigurations = (
				B252495924972514004E3DDD /* Debug */,
				B252495A24972514004E3DDD /* Release */,
			);
			defaultConfigurationIsVisible = 0;
			defaultConfigurationName = Release;
		};
/* End XCConfigurationList section */
	};
	rootObject = B252493C24972513004E3DDD /* Project object */;
}
